// !$*UTF8*$!
{
	archiveVersion = 1;
	classes = {
	};
	objectVersion = 50;
	objects = {

/* Begin PBXBuildFile section */
		EB6BD06120FBBC1100AAA719 /* UIButton+extension.swift in Sources */ = {isa = PBXBuildFile; fileRef = EB6BD06020FBBC1100AAA719 /* UIButton+extension.swift */; };
		EB717EB420F998C50040753C /* AppDelegate.swift in Sources */ = {isa = PBXBuildFile; fileRef = EB717EB320F998C50040753C /* AppDelegate.swift */; };
		EB717EB620F998C50040753C /* ViewController.swift in Sources */ = {isa = PBXBuildFile; fileRef = EB717EB520F998C50040753C /* ViewController.swift */; };
		EB717EB920F998C50040753C /* Main.storyboard in Resources */ = {isa = PBXBuildFile; fileRef = EB717EB720F998C50040753C /* Main.storyboard */; };
		EB717EBB20F998C60040753C /* Assets.xcassets in Resources */ = {isa = PBXBuildFile; fileRef = EB717EBA20F998C60040753C /* Assets.xcassets */; };
		EB717EBE20F998C60040753C /* LaunchScreen.storyboard in Resources */ = {isa = PBXBuildFile; fileRef = EB717EBC20F998C60040753C /* LaunchScreen.storyboard */; };
/* End PBXBuildFile section */

/* Begin PBXFileReference section */
		EB6BD06020FBBC1100AAA719 /* UIButton+extension.swift */ = {isa = PBXFileReference; lastKnownFileType = sourcecode.swift; path = "UIButton+extension.swift"; sourceTree = "<group>"; };
		EB717EB020F998C50040753C /* 001-第02天(Swift面向对象).app */ = {isa = PBXFileReference; explicitFileType = wrapper.application; includeInIndex = 0; path = "001-第02天(Swift面向对象).app"; sourceTree = BUILT_PRODUCTS_DIR; };
		EB717EB320F998C50040753C /* AppDelegate.swift */ = {isa = PBXFileReference; lastKnownFileType = sourcecode.swift; path = AppDelegate.swift; sourceTree = "<group>"; };
		EB717EB520F998C50040753C /* ViewController.swift */ = {isa = PBXFileReference; lastKnownFileType = sourcecode.swift; path = ViewController.swift; sourceTree = "<group>"; };
		EB717EB820F998C50040753C /* Base */ = {isa = PBXFileReference; lastKnownFileType = file.storyboard; name = Base; path = Base.lproj/Main.storyboard; sourceTree = "<group>"; };
		EB717EBA20F998C60040753C /* Assets.xcassets */ = {isa = PBXFileReference; lastKnownFileType = folder.assetcatalog; path = Assets.xcassets; sourceTree = "<group>"; };
		EB717EBD20F998C60040753C /* Base */ = {isa = PBXFileReference; lastKnownFileType = file.storyboard; name = Base; path = Base.lproj/LaunchScreen.storyboard; sourceTree = "<group>"; };
		EB717EBF20F998C60040753C /* Info.plist */ = {isa = PBXFileReference; lastKnownFileType = text.plist.xml; path = Info.plist; sourceTree = "<group>"; };
/* End PBXFileReference section */

/* Begin PBXFrameworksBuildPhase section */
		EB717EAD20F998C50040753C /* Frameworks */ = {
			isa = PBXFrameworksBuildPhase;
			buildActionMask = 2147483647;
			files = (
			);
			runOnlyForDeploymentPostprocessing = 0;
		};
/* End PBXFrameworksBuildPhase section */

/* Begin PBXGroup section */
		EB717EA720F998C50040753C = {
			isa = PBXGroup;
			children = (
				EB717EB220F998C50040753C /* 001-第02天(Swift面向对象) */,
				EB717EB120F998C50040753C /* Products */,
			);
			sourceTree = "<group>";
		};
		EB717EB120F998C50040753C /* Products */ = {
			isa = PBXGroup;
			children = (
				EB717EB020F998C50040753C /* 001-第02天(Swift面向对象).app */,
			);
			name = Products;
			sourceTree = "<group>";
		};
		EB717EB220F998C50040753C /* 001-第02天(Swift面向对象) */ = {
			isa = PBXGroup;
			children = (
				EB717EB320F998C50040753C /* AppDelegate.swift */,
				EB717EB520F998C50040753C /* ViewController.swift */,
				EB6BD06020FBBC1100AAA719 /* UIButton+extension.swift */,
				EB717EB720F998C50040753C /* Main.storyboard */,
				EB717EBA20F998C60040753C /* Assets.xcassets */,
				EB717EBC20F998C60040753C /* LaunchScreen.storyboard */,
				EB717EBF20F998C60040753C /* Info.plist */,
			);
			path = "001-第02天(Swift面向对象)";
			sourceTree = "<group>";
		};
/* End PBXGroup section */

/* Begin PBXNativeTarget section */
		EB717EAF20F998C50040753C /* 001-第02天(Swift面向对象) */ = {
			isa = PBXNativeTarget;
			buildConfigurationList = EB717EC220F998C60040753C /* Build configuration list for PBXNativeTarget "001-第02天(Swift面向对象)" */;
			buildPhases = (
				EB717EAC20F998C50040753C /* Sources */,
				EB717EAD20F998C50040753C /* Frameworks */,
				EB717EAE20F998C50040753C /* Resources */,
			);
			buildRules = (
			);
			dependencies = (
			);
			name = "001-第02天(Swift面向对象)";
			productName = "001-第02天(Swift面向对象)";
			productReference = EB717EB020F998C50040753C /* 001-第02天(Swift面向对象).app */;
			productType = "com.apple.product-type.application";
		};
/* End PBXNativeTarget section */

/* Begin PBXProject section */
		EB717EA820F998C50040753C /* Project object */ = {
			isa = PBXProject;
			attributes = {
				LastSwiftUpdateCheck = 0940;
				LastUpgradeCheck = 0940;
				ORGANIZATIONNAME = "张云翥";
				TargetAttributes = {
					EB717EAF20F998C50040753C = {
						CreatedOnToolsVersion = 9.4;
					};
				};
			};
			buildConfigurationList = EB717EAB20F998C50040753C /* Build configuration list for PBXProject "001-第02天(Swift面向对象)" */;
			compatibilityVersion = "Xcode 9.3";
			developmentRegion = en;
			hasScannedForEncodings = 0;
			knownRegions = (
				en,
				Base,
			);
			mainGroup = EB717EA720F998C50040753C;
			productRefGroup = EB717EB120F998C50040753C /* Products */;
			projectDirPath = "";
			projectRoot = "";
			targets = (
				EB717EAF20F998C50040753C /* 001-第02天(Swift面向对象) */,
			);
		};
/* End PBXProject section */

/* Begin PBXResourcesBuildPhase section */
		EB717EAE20F998C50040753C /* Resources */ = {
			isa = PBXResourcesBuildPhase;
			buildActionMask = 2147483647;
			files = (
				EB717EBE20F998C60040753C /* LaunchScreen.storyboard in Resources */,
				EB717EBB20F998C60040753C /* Assets.xcassets in Resources */,
				EB717EB920F998C50040753C /* Main.storyboard in Resources */,
			);
			runOnlyForDeploymentPostprocessing = 0;
		};
/* End PBXResourcesBuildPhase section */

/* Begin PBXSourcesBuildPhase section */
		EB717EAC20F998C50040753C /* Sources */ = {
			isa = PBXSourcesBuildPhase;
			buildActionMask = 2147483647;
			files = (
				EB717EB620F998C50040753C /* ViewController.swift in Sources */,
				EB717EB420F998C50040753C /* AppDelegate.swift in Sources */,
				EB6BD06120FBBC1100AAA719 /* UIButton+extension.swift in Sources */,
			);
			runOnlyForDeploymentPostprocessing = 0;
		};
/* End PBXSourcesBuildPhase section */

/* Begin PBXVariantGroup section */
		EB717EB720F998C50040753C /* Main.storyboard */ = {
			isa = PBXVariantGroup;
			children = (
				EB717EB820F998C50040753C /* Base */,
			);
			name = Main.storyboard;
			sourceTree = "<group>";
		};
		EB717EBC20F998C60040753C /* LaunchScreen.storyboard */ = {
			isa = PBXVariantGroup;
			children = (
				EB717EBD20F998C60040753C /* Base */,
			);
			name = LaunchScreen.storyboard;
			sourceTree = "<group>";
		};
/* End PBXVariantGroup section */

/* Begin XCBuildConfiguration section */
		EB717EC020F998C60040753C /* Debug */ = {
			isa = XCBuildConfiguration;
			buildSettings = {
				ALWAYS_SEARCH_USER_PATHS = NO;
				CLANG_ANALYZER_NONNULL = YES;
				CLANG_ANALYZER_NUMBER_OBJECT_CONVERSION = YES_AGGRESSIVE;
				CLANG_CXX_LANGUAGE_STANDARD = "gnu++14";
				CLANG_CXX_LIBRARY = "libc++";
				CLANG_ENABLE_MODULES = YES;
				CLANG_ENABLE_OBJC_ARC = YES;
				CLANG_ENABLE_OBJC_WEAK = YES;
				CLANG_WARN_BLOCK_CAPTURE_AUTORELEASING = YES;
				CLANG_WARN_BOOL_CONVERSION = YES;
				CLANG_WARN_COMMA = YES;
				CLANG_WARN_CONSTANT_CONVERSION = YES;
				CLANG_WARN_DEPRECATED_OBJC_IMPLEMENTATIONS = YES;
				CLANG_WARN_DIRECT_OBJC_ISA_USAGE = YES_ERROR;
				CLANG_WARN_DOCUMENTATION_COMMENTS = YES;
				CLANG_WARN_EMPTY_BODY = YES;
				CLANG_WARN_ENUM_CONVERSION = YES;
				CLANG_WARN_INFINITE_RECURSION = YES;
				CLANG_WARN_INT_CONVERSION = YES;
				CLANG_WARN_NON_LITERAL_NULL_CONVERSION = YES;
				CLANG_WARN_OBJC_IMPLICIT_RETAIN_SELF = YES;
				CLANG_WARN_OBJC_LITERAL_CONVERSION = YES;
				CLANG_WARN_OBJC_ROOT_CLASS = YES_ERROR;
				CLANG_WARN_RANGE_LOOP_ANALYSIS = YES;
				CLANG_WARN_STRICT_PROTOTYPES = YES;
				CLANG_WARN_SUSPICIOUS_MOVE = YES;
				CLANG_WARN_UNGUARDED_AVAILABILITY = YES_AGGRESSIVE;
				CLANG_WARN_UNREACHABLE_CODE = YES;
				CLANG_WARN__DUPLICATE_METHOD_MATCH = YES;
				CODE_SIGN_IDENTITY = "iPhone Developer";
				COPY_PHASE_STRIP = NO;
				DEBUG_INFORMATION_FORMAT = dwarf;
				ENABLE_STRICT_OBJC_MSGSEND = YES;
				ENABLE_TESTABILITY = YES;
				GCC_C_LANGUAGE_STANDARD = gnu11;
				GCC_DYNAMIC_NO_PIC = NO;
				GCC_NO_COMMON_BLOCKS = YES;
				GCC_OPTIMIZATION_LEVEL = 0;
				GCC_PREPROCESSOR_DEFINITIONS = (
					"DEBUG=1",
					"$(inherited)",
				);
				GCC_WARN_64_TO_32_BIT_CONVERSION = YES;
				GCC_WARN_ABOUT_RETURN_TYPE = YES_ERROR;
				GCC_WARN_UNDECLARED_SELECTOR = YES;
				GCC_WARN_UNINITIALIZED_AUTOS = YES_AGGRESSIVE;
				GCC_WARN_UNUSED_FUNCTION = YES;
				GCC_WARN_UNUSED_VARIABLE = YES;
				IPHONEOS_DEPLOYMENT_TARGET = 11.4;
				MTL_ENABLE_DEBUG_INFO = YES;
				ONLY_ACTIVE_ARCH = YES;
				SDKROOT = iphoneos;
				SWIFT_ACTIVE_COMPILATION_CONDITIONS = DEBUG;
				SWIFT_OPTIMIZATION_LEVEL = "-Onone";
			};
			name = Debug;
		};
		EB717EC120F998C60040753C /* Release */ = {
			isa = XCBuildConfiguration;
			buildSettings = {
				ALWAYS_SEARCH_USER_PATHS = NO;
				CLANG_ANALYZER_NONNULL = YES;
				CLANG_ANALYZER_NUMBER_OBJECT_CONVERSION = YES_AGGRESSIVE;
				CLANG_CXX_LANGUAGE_STANDARD = "gnu++14";
				CLANG_CXX_LIBRARY = "libc++";
				CLANG_ENABLE_MODULES = YES;
				CLANG_ENABLE_OBJC_ARC = YES;
				CLANG_ENABLE_OBJC_WEAK = YES;
				CLANG_WARN_BLOCK_CAPTURE_AUTORELEASING = YES;
				CLANG_WARN_BOOL_CONVERSION = YES;
				CLANG_WARN_COMMA = YES;
				CLANG_WARN_CONSTANT_CONVERSION = YES;
				CLANG_WARN_DEPRECATED_OBJC_IMPLEMENTATIONS = YES;
				CLANG_WARN_DIRECT_OBJC_ISA_USAGE = YES_ERROR;
				CLANG_WARN_DOCUMENTATION_COMMENTS = YES;
				CLANG_WARN_EMPTY_BODY = YES;
				CLANG_WARN_ENUM_CONVERSION = YES;
				CLANG_WARN_INFINITE_RECURSION = YES;
				CLANG_WARN_INT_CONVERSION = YES;
				CLANG_WARN_NON_LITERAL_NULL_CONVERSION = YES;
				CLANG_WARN_OBJC_IMPLICIT_RETAIN_SELF = YES;
				CLANG_WARN_OBJC_LITERAL_CONVERSION = YES;
				CLANG_WARN_OBJC_ROOT_CLASS = YES_ERROR;
				CLANG_WARN_RANGE_LOOP_ANALYSIS = YES;
				CLANG_WARN_STRICT_PROTOTYPES = YES;
				CLANG_WARN_SUSPICIOUS_MOVE = YES;
				CLANG_WARN_UNGUARDED_AVAILABILITY = YES_AGGRESSIVE;
				CLANG_WARN_UNREACHABLE_CODE = YES;
				CLANG_WARN__DUPLICATE_METHOD_MATCH = YES;
				CODE_SIGN_IDENTITY = "iPhone Developer";
				COPY_PHASE_STRIP = NO;
				DEBUG_INFORMATION_FORMAT = "dwarf-with-dsym";
				ENABLE_NS_ASSERTIONS = NO;
				ENABLE_STRICT_OBJC_MSGSEND = YES;
				GCC_C_LANGUAGE_STANDARD = gnu11;
				GCC_NO_COMMON_BLOCKS = YES;
				GCC_WARN_64_TO_32_BIT_CONVERSION = YES;
				GCC_WARN_ABOUT_RETURN_TYPE = YES_ERROR;
				GCC_WARN_UNDECLARED_SELECTOR = YES;
				GCC_WARN_UNINITIALIZED_AUTOS = YES_AGGRESSIVE;
				GCC_WARN_UNUSED_FUNCTION = YES;
				GCC_WARN_UNUSED_VARIABLE = YES;
				IPHONEOS_DEPLOYMENT_TARGET = 11.4;
				MTL_ENABLE_DEBUG_INFO = NO;
				SDKROOT = iphoneos;
				SWIFT_COMPILATION_MODE = wholemodule;
				SWIFT_OPTIMIZATION_LEVEL = "-O";
				VALIDATE_PRODUCT = YES;
			};
			name = Release;
		};
		EB717EC320F998C60040753C /* Debug */ = {
			isa = XCBuildConfiguration;
			buildSettings = {
				ASSETCATALOG_COMPILER_APPICON_NAME = AppIcon;
				CODE_SIGN_STYLE = Automatic;
				DEVELOPMENT_TEAM = X2B2UG3XC5;
				INFOPLIST_FILE = "001-第02天(Swift面向对象)/Info.plist";
				LD_RUNPATH_SEARCH_PATHS = (
					"$(inherited)",
					"@executable_path/Frameworks",
				);
				PRODUCT_BUNDLE_IDENTIFIER = "com.topus.-01--02--Swift-----";
				PRODUCT_NAME = "$(TARGET_NAME)";
				SWIFT_VERSION = 4.0;
				TARGETED_DEVICE_FAMILY = "1,2";
			};
			name = Debug;
		};
		EB717EC420F998C60040753C /* Release */ = {
			isa = XCBuildConfiguration;
			buildSettings = {
				ASSETCATALOG_COMPILER_APPICON_NAME = AppIcon;
				CODE_SIGN_STYLE = Automatic;
				DEVELOPMENT_TEAM = X2B2UG3XC5;
				INFOPLIST_FILE = "001-第02天(Swift面向对象)/Info.plist";
				LD_RUNPATH_SEARCH_PATHS = (
					"$(inherited)",
					"@executable_path/Frameworks",
				);
				PRODUCT_BUNDLE_IDENTIFIER = "com.topus.-01--02--Swift-----";
				PRODUCT_NAME = "$(TARGET_NAME)";
				SWIFT_VERSION = 4.0;
				TARGETED_DEVICE_FAMILY = "1,2";
			};
			name = Release;
		};
/* End XCBuildConfiguration section */

/* Begin XCConfigurationList section */
		EB717EAB20F998C50040753C /* Build configuration list for PBXProject "001-第02天(Swift面向对象)" */ = {
			isa = XCConfigurationList;
			buildConfigurations = (
				EB717EC020F998C60040753C /* Debug */,
				EB717EC120F998C60040753C /* Release */,
			);
			defaultConfigurationIsVisible = 0;
			defaultConfigurationName = Release;
		};
		EB717EC220F998C60040753C /* Build configuration list for PBXNativeTarget "001-第02天(Swift面向对象)" */ = {
			isa = XCConfigurationList;
			buildConfigurations = (
				EB717EC320F998C60040753C /* Debug */,
				EB717EC420F998C60040753C /* Release */,
			);
			defaultConfigurationIsVisible = 0;
			defaultConfigurationName = Release;
		};
/* End XCConfigurationList section */
	};
	rootObject = EB717EA820F998C50040753C /* Project object */;
}
